
Microsoft Visual Studio Solution File, Format Version 12.00
# Visual Studio Version 17
VisualStudioVersion = 17.11.35312.102
MinimumVisualStudioVersion = 10.0.40219.1
Project("{FAE04EC0-301F-11D3-BF4B-00C04F79EFBC}") = "HomeInventory", "HomeInventory\HomeInventory.csproj", "{320E0572-8679-4878-BD1C-B2D7983E32DB}"
EndProject
Global
	GlobalSection(SolutionConfigurationPlatforms) = preSolution
		Debug|Any CPU = Debug|Any CPU
		Release|Any CPU = Release|Any CPU
	EndGlobalSection
	GlobalSection(ProjectConfigurationPlatforms) = postSolution
		{320E0572-8679-4878-BD1C-B2D7983E32DB}.Debug|Any CPU.ActiveCfg = Debug|Any CPU
		{320E0572-8679-4878-BD1C-B2D7983E32DB}.Debug|Any CPU.Build.0 = Debug|Any CPU
		{320E0572-8679-4878-BD1C-B2D7983E32DB}.Release|Any CPU.ActiveCfg = Release|Any CPU
		{320E0572-8679-4878-BD1C-B2D7983E32DB}.Release|Any CPU.Build.0 = Release|Any CPU
	EndGlobalSection
	GlobalSection(SolutionProperties) = preSolution
		HideSolutionNode = FALSE
	EndGlobalSection
	GlobalSection(ExtensibilityGlobals) = postSolution
		SolutionGuid = {CA19C98F-B598-4A22-BB1F-244313774499}
	EndGlobalSection
EndGlobal
